
Microsoft Visual Studio Solution File, Format Version 12.00
# Visual Studio Version 17
VisualStudioVersion = 17.9.34728.123
MinimumVisualStudioVersion = 10.0.40219.1
Project("{8BC9CEB8-8B4A-11D0-8D11-00A0C91BC942}") = "practice_13", "practice_13.vcxproj", "{4D098ED2-1516-43BD-9455-5E1E818A16F0}"
EndProject
Global
	GlobalSection(SolutionConfigurationPlatforms) = preSolution
		Debug|x64 = Debug|x64
		Debug|x86 = Debug|x86
		Release|x64 = Release|x64
		Release|x86 = Release|x86
	EndGlobalSection
	GlobalSection(ProjectConfigurationPlatforms) = postSolution
		{4D098ED2-1516-43BD-9455-5E1E818A16F0}.Debug|x64.ActiveCfg = Debug|x64
		{4D098ED2-1516-43BD-9455-5E1E818A16F0}.Debug|x64.Build.0 = Debug|x64
		{4D098ED2-1516-43BD-9455-5E1E818A16F0}.Debug|x86.ActiveCfg = Debug|Win32
		{4D098ED2-1516-43BD-9455-5E1E818A16F0}.Debug|x86.Build.0 = Debug|Win32
		{4D098ED2-1516-43BD-9455-5E1E818A16F0}.Release|x64.ActiveCfg = Release|x64
		{4D098ED2-1516-43BD-9455-5E1E818A16F0}.Release|x64.Build.0 = Release|x64
		{4D098ED2-1516-43BD-9455-5E1E818A16F0}.Release|x86.ActiveCfg = Release|Win32
		{4D098ED2-1516-43BD-9455-5E1E818A16F0}.Release|x86.Build.0 = Release|Win32
	EndGlobalSection
	GlobalSection(SolutionProperties) = preSolution
		HideSolutionNode = FALSE
	EndGlobalSection
	GlobalSection(ExtensibilityGlobals) = postSolution
		SolutionGuid = {ACCD687E-D378-42AA-9D79-78FEB9BC0ECE}
	EndGlobalSection
EndGlobal
